
Microsoft Visual Studio Solution File, Format Version 12.00
# Visual Studio Version 17
VisualStudioVersion = 17.9.34723.18
MinimumVisualStudioVersion = 10.0.40219.1
Project("{2150E333-8FDC-42A3-9474-1A3956D46DE8}") = "Core", "Core", "{E2C150D0-B8F5-4C8D-BFFC-6AC48404CFE5}"
EndProject
Project("{2150E333-8FDC-42A3-9474-1A3956D46DE8}") = "External", "External", "{B4518C1C-382D-4A9E-91D3-9BFC796855ED}"
EndProject
Project("{9A19103F-16F7-4668-BE54-9A1E7A4F7556}") = "Clinic.Application", "Core\Clinic.Application\Clinic.Application.csproj", "{F19A5DE0-5584-454F-A5A9-818E832D71BF}"
EndProject
Project("{9A19103F-16F7-4668-BE54-9A1E7A4F7556}") = "Clinic.Domain", "Core\Clinic.Domain\Clinic.Domain.csproj", "{4DD42C12-1D63-46B2-888E-522915616162}"
EndProject
Project("{2150E333-8FDC-42A3-9474-1A3956D46DE8}") = "Common", "Common", "{9B959EAF-9570-4282-A742-E78C83C75C09}"
EndProject
Project("{2150E333-8FDC-42A3-9474-1A3956D46DE8}") = "Infrastructure", "Infrastructure", "{73B3CE16-E7BD-41A9-9412-D507DE095E0E}"
EndProject
Project("{2150E333-8FDC-42A3-9474-1A3956D46DE8}") = "Presentation", "Presentation", "{4DFA648A-3B8A-424A-92D0-B6EFD7423028}"
EndProject
Project("{9A19103F-16F7-4668-BE54-9A1E7A4F7556}") = "Clinic.Configuration", "External\Common\Clinic.Configuration\Clinic.Configuration.csproj", "{C8F00008-DD4B-455B-8923-A20CEEF9080A}"
EndProject
Project("{2150E333-8FDC-42A3-9474-1A3956D46DE8}") = "FileObjectStorage", "FileObjectStorage", "{90724F2C-6B97-4622-8DA2-59DDF8DAA1BF}"
EndProject
Project("{2150E333-8FDC-42A3-9474-1A3956D46DE8}") = "Notification", "Notification", "{4EA42DFE-706B-443D-BE92-9003167DD5D9}"
EndProject
Project("{2150E333-8FDC-42A3-9474-1A3956D46DE8}") = "Mail", "Mail", "{46C373E9-A894-4DD7-9531-B5DEEC11AEE6}"
EndProject
Project("{2150E333-8FDC-42A3-9474-1A3956D46DE8}") = "Persistence", "Persistence", "{248C7A19-5AD7-41AB-8C50-E55562B777CA}"
EndProject
Project("{2150E333-8FDC-42A3-9474-1A3956D46DE8}") = "Cache", "Cache", "{25385D18-BBE8-44DC-88A4-0B5AF74819D9}"
EndProject
Project("{2150E333-8FDC-42A3-9474-1A3956D46DE8}") = "Relational", "Relational", "{857FAA37-3730-41D1-9D3F-F247FC59F31F}"
EndProject
Project("{9A19103F-16F7-4668-BE54-9A1E7A4F7556}") = "Clinic.Redis", "External\Infrastructure\Persistence\Cache\Clinic.Redis\Clinic.Redis.csproj", "{30F88CB0-71CD-47FC-B1F1-A54D9E6164C8}"
EndProject
Project("{9A19103F-16F7-4668-BE54-9A1E7A4F7556}") = "Clinic.MySQL", "External\Infrastructure\Persistence\Relational\Clinic.MySQL\Clinic.MySQL.csproj", "{A2C319CE-6CE4-4311-9BD6-C42645720EDE}"
EndProject
Project("{9A19103F-16F7-4668-BE54-9A1E7A4F7556}") = "Clinic.MailKit", "External\Infrastructure\Notification\Mail\Clinic.MailKit\Clinic.MailKit.csproj", "{3386CDE8-E0FF-4753-8DCA-968CCA245B39}"
EndProject
Project("{2150E333-8FDC-42A3-9474-1A3956D46DE8}") = "Image", "Image", "{582E7EC1-EC2D-4F92-AF5C-20B25E0E4DB1}"
EndProject
Project("{9A19103F-16F7-4668-BE54-9A1E7A4F7556}") = "Clinic.WebAPI", "External\Presentation\Clinic.WebAPI\Clinic.WebAPI.csproj", "{A3797539-1209-408E-A308-91C4F31C9C61}"
EndProject
Project("{2150E333-8FDC-42A3-9474-1A3956D46DE8}") = "src", "src", "{65F463C5-7E09-446F-BDA5-242ADD13338E}"
EndProject
Project("{2150E333-8FDC-42A3-9474-1A3956D46DE8}") = "docs", "docs", "{59EE18A9-BFB2-4E17-B24C-33D5019A2834}"
	ProjectSection(SolutionItems) = preProject
		..\docs\1. Software Requirement Specification.docx = ..\docs\1. Software Requirement Specification.docx
		..\docs\2. Software Design Specification.docx = ..\docs\2. Software Design Specification.docx
		..\docs\3. Test Report.xlsx = ..\docs\3. Test Report.xlsx
		..\docs\4. Project Tracking.xlsx = ..\docs\4. Project Tracking.xlsx
		..\docs\5. Final Release Document.docx = ..\docs\5. Final Release Document.docx
	EndProjectSection
EndProject
Project("{2150E333-8FDC-42A3-9474-1A3956D46DE8}") = "IdentityService", "IdentityService", "{288E975F-B987-4A46-BB91-A06459D1B431}"
EndProject
Project("{9A19103F-16F7-4668-BE54-9A1E7A4F7556}") = "Clinic.JsonWebToken", "External\Infrastructure\IdentityService\Clinic.JsonWebToken\Clinic.JsonWebToken.csproj", "{6BAA971A-713F-4394-B655-A5E245BE35FE}"
EndProject
Project("{9A19103F-16F7-4668-BE54-9A1E7A4F7556}") = "Clinic.Firebase", "External\Infrastructure\FileObjectStorage\Image\Clinic.Firebase\Clinic.Firebase.csproj", "{2F2917A5-0C82-46E2-89F7-253E8F6D6D74}"
EndProject
Project("{9A19103F-16F7-4668-BE54-9A1E7A4F7556}") = "Clinic.OTP", "External\Infrastructure\IdentityService\Clinic.OTP\Clinic.OTP.csproj", "{AF3683C2-8EC4-4063-854A-31A7908E9B83}"
EndProject
Project("{2150E333-8FDC-42A3-9474-1A3956D46DE8}") = "BackgroundJob", "BackgroundJob", "{EFE40FD2-FD61-4A05-BF0C-8264B1A43F49}"
EndProject
Project("{9A19103F-16F7-4668-BE54-9A1E7A4F7556}") = "Clinic.AppBackgroundJob", "External\Infrastructure\BackgroundJob\Clinic.AppBackgroundJob\Clinic.AppBackgroundJob.csproj", "{69AFA936-DB6C-4BC4-9AC7-0ACAB043248F}"
EndProject
Project("{2150E333-8FDC-42A3-9474-1A3956D46DE8}") = "ChatMessage", "ChatMessage", "{091077DF-D7D6-408F-ABB9-C2BE47737C3D}"
EndProject
Project("{9A19103F-16F7-4668-BE54-9A1E7A4F7556}") = "Clinic.SignalR", "External\Infrastructure\ChatMessage\Clinic.SignalR\Clinic.SignalR.csproj", "{670D0A76-6F35-4603-A144-2B112363B1CF}"
EndProject
Project("{2150E333-8FDC-42A3-9474-1A3956D46DE8}") = "PaymentService", "PaymentService", "{23F5EAA8-4076-4B98-9282-B0215ADE6F51}"
EndProject
Project("{9A19103F-16F7-4668-BE54-9A1E7A4F7556}") = "Clinic.VNPAY", "External\Infrastructure\PaymentService\Clinic.VNPAY\Clinic.VNPAY.csproj", "{9C0AD944-E288-4AD0-9A66-F59B37C2FB95}"
EndProject
Project("{2150E333-8FDC-42A3-9474-1A3956D46DE8}") = "Communication", "Communication", "{911C93E2-FDDF-4B1E-B7B4-BBB875A3BAF7}"
EndProject
Project("{9A19103F-16F7-4668-BE54-9A1E7A4F7556}") = "Clinic.Stringee", "External\Infrastructure\Communication\Clinic.Stringee\Clinic.Stringee.csproj", "{64D7C870-B527-4E8C-A5B3-8501D0DE89BC}"
EndProject
Project("{2150E333-8FDC-42A3-9474-1A3956D46DE8}") = "SMS", "SMS", "{4DA6DBF0-1E3D-463C-BCE6-ED6EA80C5A61}"
EndProject
Project("{9A19103F-16F7-4668-BE54-9A1E7A4F7556}") = "Clinic.TwilioSMS", "External\Infrastructure\Notification\SMS\Clinic.TwilioSMS\Clinic.TwilioSMS.csproj", "{FFEEB450-E79D-426A-9534-C4C0557AF394}"
EndProject
Global
	GlobalSection(SolutionConfigurationPlatforms) = preSolution
		Debug|Any CPU = Debug|Any CPU
		Release|Any CPU = Release|Any CPU
	EndGlobalSection
	GlobalSection(ProjectConfigurationPlatforms) = postSolution
		{F19A5DE0-5584-454F-A5A9-818E832D71BF}.Debug|Any CPU.ActiveCfg = Debug|Any CPU
		{F19A5DE0-5584-454F-A5A9-818E832D71BF}.Debug|Any CPU.Build.0 = Debug|Any CPU
		{F19A5DE0-5584-454F-A5A9-818E832D71BF}.Release|Any CPU.ActiveCfg = Release|Any CPU
		{F19A5DE0-5584-454F-A5A9-818E832D71BF}.Release|Any CPU.Build.0 = Release|Any CPU
		{4DD42C12-1D63-46B2-888E-522915616162}.Debug|Any CPU.ActiveCfg = Debug|Any CPU
		{4DD42C12-1D63-46B2-888E-522915616162}.Debug|Any CPU.Build.0 = Debug|Any CPU
		{4DD42C12-1D63-46B2-888E-522915616162}.Release|Any CPU.ActiveCfg = Release|Any CPU
		{4DD42C12-1D63-46B2-888E-522915616162}.Release|Any CPU.Build.0 = Release|Any CPU
		{C8F00008-DD4B-455B-8923-A20CEEF9080A}.Debug|Any CPU.ActiveCfg = Debug|Any CPU
		{C8F00008-DD4B-455B-8923-A20CEEF9080A}.Debug|Any CPU.Build.0 = Debug|Any CPU
		{C8F00008-DD4B-455B-8923-A20CEEF9080A}.Release|Any CPU.ActiveCfg = Release|Any CPU
		{C8F00008-DD4B-455B-8923-A20CEEF9080A}.Release|Any CPU.Build.0 = Release|Any CPU
		{30F88CB0-71CD-47FC-B1F1-A54D9E6164C8}.Debug|Any CPU.ActiveCfg = Debug|Any CPU
		{30F88CB0-71CD-47FC-B1F1-A54D9E6164C8}.Debug|Any CPU.Build.0 = Debug|Any CPU
		{30F88CB0-71CD-47FC-B1F1-A54D9E6164C8}.Release|Any CPU.ActiveCfg = Release|Any CPU
		{30F88CB0-71CD-47FC-B1F1-A54D9E6164C8}.Release|Any CPU.Build.0 = Release|Any CPU
		{A2C319CE-6CE4-4311-9BD6-C42645720EDE}.Debug|Any CPU.ActiveCfg = Debug|Any CPU
		{A2C319CE-6CE4-4311-9BD6-C42645720EDE}.Debug|Any CPU.Build.0 = Debug|Any CPU
		{A2C319CE-6CE4-4311-9BD6-C42645720EDE}.Release|Any CPU.ActiveCfg = Release|Any CPU
		{A2C319CE-6CE4-4311-9BD6-C42645720EDE}.Release|Any CPU.Build.0 = Release|Any CPU
		{3386CDE8-E0FF-4753-8DCA-968CCA245B39}.Debug|Any CPU.ActiveCfg = Debug|Any CPU
		{3386CDE8-E0FF-4753-8DCA-968CCA245B39}.Debug|Any CPU.Build.0 = Debug|Any CPU
		{3386CDE8-E0FF-4753-8DCA-968CCA245B39}.Release|Any CPU.ActiveCfg = Release|Any CPU
		{3386CDE8-E0FF-4753-8DCA-968CCA245B39}.Release|Any CPU.Build.0 = Release|Any CPU
		{A3797539-1209-408E-A308-91C4F31C9C61}.Debug|Any CPU.ActiveCfg = Debug|Any CPU
		{A3797539-1209-408E-A308-91C4F31C9C61}.Debug|Any CPU.Build.0 = Debug|Any CPU
		{A3797539-1209-408E-A308-91C4F31C9C61}.Release|Any CPU.ActiveCfg = Release|Any CPU
		{A3797539-1209-408E-A308-91C4F31C9C61}.Release|Any CPU.Build.0 = Release|Any CPU
		{6BAA971A-713F-4394-B655-A5E245BE35FE}.Debug|Any CPU.ActiveCfg = Debug|Any CPU
		{6BAA971A-713F-4394-B655-A5E245BE35FE}.Debug|Any CPU.Build.0 = Debug|Any CPU
		{6BAA971A-713F-4394-B655-A5E245BE35FE}.Release|Any CPU.ActiveCfg = Release|Any CPU
		{6BAA971A-713F-4394-B655-A5E245BE35FE}.Release|Any CPU.Build.0 = Release|Any CPU
		{2F2917A5-0C82-46E2-89F7-253E8F6D6D74}.Debug|Any CPU.ActiveCfg = Debug|Any CPU
		{2F2917A5-0C82-46E2-89F7-253E8F6D6D74}.Debug|Any CPU.Build.0 = Debug|Any CPU
		{2F2917A5-0C82-46E2-89F7-253E8F6D6D74}.Release|Any CPU.ActiveCfg = Release|Any CPU
		{2F2917A5-0C82-46E2-89F7-253E8F6D6D74}.Release|Any CPU.Build.0 = Release|Any CPU
		{AF3683C2-8EC4-4063-854A-31A7908E9B83}.Debug|Any CPU.ActiveCfg = Debug|Any CPU
		{AF3683C2-8EC4-4063-854A-31A7908E9B83}.Debug|Any CPU.Build.0 = Debug|Any CPU
		{AF3683C2-8EC4-4063-854A-31A7908E9B83}.Release|Any CPU.ActiveCfg = Release|Any CPU
		{AF3683C2-8EC4-4063-854A-31A7908E9B83}.Release|Any CPU.Build.0 = Release|Any CPU
		{69AFA936-DB6C-4BC4-9AC7-0ACAB043248F}.Debug|Any CPU.ActiveCfg = Debug|Any CPU
		{69AFA936-DB6C-4BC4-9AC7-0ACAB043248F}.Debug|Any CPU.Build.0 = Debug|Any CPU
		{69AFA936-DB6C-4BC4-9AC7-0ACAB043248F}.Release|Any CPU.ActiveCfg = Release|Any CPU
		{69AFA936-DB6C-4BC4-9AC7-0ACAB043248F}.Release|Any CPU.Build.0 = Release|Any CPU
		{670D0A76-6F35-4603-A144-2B112363B1CF}.Debug|Any CPU.ActiveCfg = Debug|Any CPU
		{670D0A76-6F35-4603-A144-2B112363B1CF}.Debug|Any CPU.Build.0 = Debug|Any CPU
		{670D0A76-6F35-4603-A144-2B112363B1CF}.Release|Any CPU.ActiveCfg = Release|Any CPU
		{670D0A76-6F35-4603-A144-2B112363B1CF}.Release|Any CPU.Build.0 = Release|Any CPU
		{9C0AD944-E288-4AD0-9A66-F59B37C2FB95}.Debug|Any CPU.ActiveCfg = Debug|Any CPU
		{9C0AD944-E288-4AD0-9A66-F59B37C2FB95}.Debug|Any CPU.Build.0 = Debug|Any CPU
		{9C0AD944-E288-4AD0-9A66-F59B37C2FB95}.Release|Any CPU.ActiveCfg = Release|Any CPU
		{9C0AD944-E288-4AD0-9A66-F59B37C2FB95}.Release|Any CPU.Build.0 = Release|Any CPU
		{64D7C870-B527-4E8C-A5B3-8501D0DE89BC}.Debug|Any CPU.ActiveCfg = Debug|Any CPU
		{64D7C870-B527-4E8C-A5B3-8501D0DE89BC}.Debug|Any CPU.Build.0 = Debug|Any CPU
		{64D7C870-B527-4E8C-A5B3-8501D0DE89BC}.Release|Any CPU.ActiveCfg = Release|Any CPU
		{64D7C870-B527-4E8C-A5B3-8501D0DE89BC}.Release|Any CPU.Build.0 = Release|Any CPU
		{FFEEB450-E79D-426A-9534-C4C0557AF394}.Debug|Any CPU.ActiveCfg = Debug|Any CPU
		{FFEEB450-E79D-426A-9534-C4C0557AF394}.Debug|Any CPU.Build.0 = Debug|Any CPU
		{FFEEB450-E79D-426A-9534-C4C0557AF394}.Release|Any CPU.ActiveCfg = Release|Any CPU
		{FFEEB450-E79D-426A-9534-C4C0557AF394}.Release|Any CPU.Build.0 = Release|Any CPU
	EndGlobalSection
	GlobalSection(SolutionProperties) = preSolution
		HideSolutionNode = FALSE
	EndGlobalSection
	GlobalSection(NestedProjects) = preSolution
		{E2C150D0-B8F5-4C8D-BFFC-6AC48404CFE5} = {65F463C5-7E09-446F-BDA5-242ADD13338E}
		{B4518C1C-382D-4A9E-91D3-9BFC796855ED} = {65F463C5-7E09-446F-BDA5-242ADD13338E}
		{F19A5DE0-5584-454F-A5A9-818E832D71BF} = {E2C150D0-B8F5-4C8D-BFFC-6AC48404CFE5}
		{4DD42C12-1D63-46B2-888E-522915616162} = {E2C150D0-B8F5-4C8D-BFFC-6AC48404CFE5}
		{9B959EAF-9570-4282-A742-E78C83C75C09} = {B4518C1C-382D-4A9E-91D3-9BFC796855ED}
		{73B3CE16-E7BD-41A9-9412-D507DE095E0E} = {B4518C1C-382D-4A9E-91D3-9BFC796855ED}
		{4DFA648A-3B8A-424A-92D0-B6EFD7423028} = {B4518C1C-382D-4A9E-91D3-9BFC796855ED}
		{C8F00008-DD4B-455B-8923-A20CEEF9080A} = {9B959EAF-9570-4282-A742-E78C83C75C09}
		{90724F2C-6B97-4622-8DA2-59DDF8DAA1BF} = {73B3CE16-E7BD-41A9-9412-D507DE095E0E}
		{4EA42DFE-706B-443D-BE92-9003167DD5D9} = {73B3CE16-E7BD-41A9-9412-D507DE095E0E}
		{46C373E9-A894-4DD7-9531-B5DEEC11AEE6} = {4EA42DFE-706B-443D-BE92-9003167DD5D9}
		{248C7A19-5AD7-41AB-8C50-E55562B777CA} = {73B3CE16-E7BD-41A9-9412-D507DE095E0E}
		{25385D18-BBE8-44DC-88A4-0B5AF74819D9} = {248C7A19-5AD7-41AB-8C50-E55562B777CA}
		{857FAA37-3730-41D1-9D3F-F247FC59F31F} = {248C7A19-5AD7-41AB-8C50-E55562B777CA}
		{30F88CB0-71CD-47FC-B1F1-A54D9E6164C8} = {25385D18-BBE8-44DC-88A4-0B5AF74819D9}
		{A2C319CE-6CE4-4311-9BD6-C42645720EDE} = {857FAA37-3730-41D1-9D3F-F247FC59F31F}
		{3386CDE8-E0FF-4753-8DCA-968CCA245B39} = {46C373E9-A894-4DD7-9531-B5DEEC11AEE6}
		{582E7EC1-EC2D-4F92-AF5C-20B25E0E4DB1} = {90724F2C-6B97-4622-8DA2-59DDF8DAA1BF}
		{A3797539-1209-408E-A308-91C4F31C9C61} = {4DFA648A-3B8A-424A-92D0-B6EFD7423028}
		{288E975F-B987-4A46-BB91-A06459D1B431} = {73B3CE16-E7BD-41A9-9412-D507DE095E0E}
		{6BAA971A-713F-4394-B655-A5E245BE35FE} = {288E975F-B987-4A46-BB91-A06459D1B431}
		{2F2917A5-0C82-46E2-89F7-253E8F6D6D74} = {582E7EC1-EC2D-4F92-AF5C-20B25E0E4DB1}
		{AF3683C2-8EC4-4063-854A-31A7908E9B83} = {288E975F-B987-4A46-BB91-A06459D1B431}
		{EFE40FD2-FD61-4A05-BF0C-8264B1A43F49} = {73B3CE16-E7BD-41A9-9412-D507DE095E0E}
		{69AFA936-DB6C-4BC4-9AC7-0ACAB043248F} = {EFE40FD2-FD61-4A05-BF0C-8264B1A43F49}
		{091077DF-D7D6-408F-ABB9-C2BE47737C3D} = {73B3CE16-E7BD-41A9-9412-D507DE095E0E}
		{670D0A76-6F35-4603-A144-2B112363B1CF} = {091077DF-D7D6-408F-ABB9-C2BE47737C3D}
		{23F5EAA8-4076-4B98-9282-B0215ADE6F51} = {73B3CE16-E7BD-41A9-9412-D507DE095E0E}
		{9C0AD944-E288-4AD0-9A66-F59B37C2FB95} = {23F5EAA8-4076-4B98-9282-B0215ADE6F51}
		{911C93E2-FDDF-4B1E-B7B4-BBB875A3BAF7} = {73B3CE16-E7BD-41A9-9412-D507DE095E0E}
		{64D7C870-B527-4E8C-A5B3-8501D0DE89BC} = {911C93E2-FDDF-4B1E-B7B4-BBB875A3BAF7}
		{4DA6DBF0-1E3D-463C-BCE6-ED6EA80C5A61} = {4EA42DFE-706B-443D-BE92-9003167DD5D9}
		{FFEEB450-E79D-426A-9534-C4C0557AF394} = {4DA6DBF0-1E3D-463C-BCE6-ED6EA80C5A61}
	EndGlobalSection
	GlobalSection(ExtensibilityGlobals) = postSolution
		SolutionGuid = {57676846-8CE4-4665-BA4C-2AEACCFDCFAE}
	EndGlobalSection
EndGlobal
